<Project xmlns="http://schemas.microsoft.com/developer/msbuild/2003">
    <PropertyGroup>
        <ProjectGuid>{D3CC7923-C27E-4D02-8BB2-C3F04E36DAC2}</ProjectGuid>
        <ProjectVersion>15.1</ProjectVersion>
        <FrameworkType>VCL</FrameworkType>
        <MainSource>SICElaticinio.dpr</MainSource>
        <Base>True</Base>
        <Config Condition="'$(Config)'==''">Release</Config>
        <Platform Condition="'$(Platform)'==''">Win32</Platform>
        <TargetedPlatforms>1</TargetedPlatforms>
        <AppType>Application</AppType>
    </PropertyGroup>
    <PropertyGroup Condition="'$(Config)'=='Base' or '$(Base)'!=''">
        <Base>true</Base>
    </PropertyGroup>
    <PropertyGroup Condition="('$(Platform)'=='Win32' and '$(Base)'=='true') or '$(Base_Win32)'!=''">
        <Base_Win32>true</Base_Win32>
        <CfgParent>Base</CfgParent>
        <Base>true</Base>
    </PropertyGroup>
    <PropertyGroup Condition="('$(Platform)'=='Win64' and '$(Base)'=='true') or '$(Base_Win64)'!=''">
        <Base_Win64>true</Base_Win64>
        <CfgParent>Base</CfgParent>
        <Base>true</Base>
    </PropertyGroup>
    <PropertyGroup Condition="'$(Config)'=='Debug' or '$(Cfg_1)'!=''">
        <Cfg_1>true</Cfg_1>
        <CfgParent>Base</CfgParent>
        <Base>true</Base>
    </PropertyGroup>
    <PropertyGroup Condition="('$(Platform)'=='Win32' and '$(Cfg_1)'=='true') or '$(Cfg_1_Win32)'!=''">
        <Cfg_1_Win32>true</Cfg_1_Win32>
        <CfgParent>Cfg_1</CfgParent>
        <Cfg_1>true</Cfg_1>
        <Base>true</Base>
    </PropertyGroup>
    <PropertyGroup Condition="'$(Config)'=='Release' or '$(Cfg_2)'!=''">
        <Cfg_2>true</Cfg_2>
        <CfgParent>Base</CfgParent>
        <Base>true</Base>
    </PropertyGroup>
    <PropertyGroup Condition="('$(Platform)'=='Win32' and '$(Cfg_2)'=='true') or '$(Cfg_2_Win32)'!=''">
        <Cfg_2_Win32>true</Cfg_2_Win32>
        <CfgParent>Cfg_2</CfgParent>
        <Cfg_2>true</Cfg_2>
        <Base>true</Base>
    </PropertyGroup>
    <PropertyGroup Condition="'$(Base)'!=''">
        <DCC_DebugDCUs>true</DCC_DebugDCUs>
        <DCC_DebugInformation>1</DCC_DebugInformation>
        <Icon_MainIcon>$(BDS)\bin\delphi_PROJECTICON.ico</Icon_MainIcon>
        <DCC_Namespace>System;Xml;Data;Datasnap;Web;Soap;Vcl;Vcl.Imaging;Vcl.Touch;Vcl.Samples;Vcl.Shell;$(DCC_Namespace)</DCC_Namespace>
        <DCC_DcuOutput>.\$(Platform)\$(Config)</DCC_DcuOutput>
        <DCC_ExeOutput>.\$(Platform)\$(Config)</DCC_ExeOutput>
        <DCC_E>false</DCC_E>
        <DCC_N>false</DCC_N>
        <DCC_S>false</DCC_S>
        <DCC_F>false</DCC_F>
        <DCC_K>false</DCC_K>
    </PropertyGroup>
    <PropertyGroup Condition="'$(Base_Win32)'!=''">
        <DCC_DebugInformation>2</DCC_DebugInformation>
        <DCC_DebugDCUs>true</DCC_DebugDCUs>
        <VerInfo_Keys>CompanyName=;FileDescription=;FileVersion=1.0.0.0;InternalName=;LegalCopyright=;LegalTrademarks=;OriginalFilename=;ProductName=;ProductVersion=1.0.0.0;Comments=</VerInfo_Keys>
        <DCC_Namespace>Winapi;System.Win;Data.Win;Datasnap.Win;Web.Win;Soap.Win;Xml.Win;Bde;$(DCC_Namespace)</DCC_Namespace>
        <Manifest_File>$(BDS)\bin\default_app.manifest</Manifest_File>
        <VerInfo_Locale>1033</VerInfo_Locale>
        <VerInfo_IncludeVerInfo>true</VerInfo_IncludeVerInfo>
        <DCC_UsePackage>CEF4Delphi;ACBr_Convenio115;FireDACSqliteDriver;RtmRxDB190;DBXSqliteDriver;ACBr_BoletoRL;FireDACPgDriver;fiscal;fmx;TWebCam;ACBr_Diversos;IndySystem;TeeDB;frx19;DbxDevartMySqlDriver190;vclib;inetdbbde;DBXInterBaseDriver;DataSnapClient;DataSnapCommon;DataSnapServer;RtmRxBDE190;ACBr_NFeDanfeESCPOS;ACBr_synapse;ACBre_Social;Rave110VCL;DataSnapProviderClient;ACBr_BlocoX;DBXSybaseASEDriver;DbxCommonDriver;vclimg;dbxcds;ACBr_Comum;DatasnapConnectorsFreePascal;MetropolisUILiveTile;vcldb;vcldsnap;ACBr_MDFeDamdfeRL;ACBr_SATExtratoESCPOS;fmxFireDAC;DBXDb2Driver;frce;DBXOracleDriver;CustomIPTransport;ACBr_Serial;vclribbon;ACBr_SPED;dsnap;IndyIPServer;ACBr_MDFe;fmxase;vcl;IndyCore;ACBr_DFeComum;IndyIPCommon;CloudService;DBXMSSQLDriver;FmxTeeUI;FireDACIBDriver;CodeSiteExpressPkg;ACBr_Boleto;FireDACDBXDriver;ACBr_Sintegra;ACBr_SAT;inetdbxpress;frxe19;ACBr_Ponto;FireDACDb2Driver;ACBr_LFD;ACBR_DeSTDA;ACBr_PCNComum;adortl;ACBr_TCP;frxDB19;FireDACASADriver;ACBr_SEF2;bindcompfmx;ACBr_PAF;vcldbx;FireDACODBCDriver;rtl;dbrtl;DbxClientDriver;FireDACCommon;bindcomp;inetdb;ACBr_MTER;Tee;ACBr_NFe;DelSenhaDXE5;DBXOdbcDriver;ACBr_CTe;vclFireDAC;ACBr_ANe;CPortLibDXE;xmlrtl;svnui;ibxpress;ACBr_NFCeECFVirtual;ACBr_NFeDanfeRL;IndyProtocols;DBXMySQLDriver;RtmRxCtl190;FireDACCommonDriver;bindengine;vclactnband;soaprtl;bindcompdbx;FMXTee;TeeUI;bindcompvcl;ACBr_BPe;ACBr_CTeDacteRL;vclie;ACBr_OpenSSL;FireDACADSDriver;vcltouch;ACBr_TEFD;ACBr_Integrador;ACBr_Reinf;ACBr_SATWS;VclSmp;FireDACMSSQLDriver;FireDAC;VCLRESTComponents;Intraweb;DBXInformixDriver;DataSnapConnectors;FireDACDataSnapDriver;ACBr_SATExtratoRL;ACBr_SATECFVirtual;dsnapcon;DBXFirebirdDriver;ACBr_TXTComum;inet;fmxobj;FireDACMySQLDriver;vclx;ACBr_SPEDImportar;svn;DBXSybaseASADriver;FireDACOracleDriver;fmxdae;RESTComponents;DelPrintDXE5;bdertl;FireDACMSAccDriver;DataSnapIndy10ServerTransport;dbexpress;IndyIPClient;$(DCC_UsePackage)</DCC_UsePackage>
    </PropertyGroup>
    <PropertyGroup Condition="'$(Base_Win64)'!=''">
        <DCC_UsePackage>FireDACSqliteDriver;DBXSqliteDriver;FireDACPgDriver;fmx;IndySystem;TeeDB;vclib;DBXInterBaseDriver;DataSnapClient;DataSnapCommon;DataSnapServer;DataSnapProviderClient;DBXSybaseASEDriver;DbxCommonDriver;vclimg;dbxcds;DatasnapConnectorsFreePascal;MetropolisUILiveTile;vcldb;vcldsnap;fmxFireDAC;DBXDb2Driver;DBXOracleDriver;CustomIPTransport;vclribbon;dsnap;IndyIPServer;fmxase;vcl;IndyCore;IndyIPCommon;CloudService;DBXMSSQLDriver;FmxTeeUI;FireDACIBDriver;FireDACDBXDriver;inetdbxpress;FireDACDb2Driver;adortl;FireDACASADriver;bindcompfmx;FireDACODBCDriver;rtl;dbrtl;DbxClientDriver;FireDACCommon;bindcomp;inetdb;Tee;DBXOdbcDriver;vclFireDAC;xmlrtl;ibxpress;IndyProtocols;DBXMySQLDriver;FireDACCommonDriver;bindengine;vclactnband;soaprtl;bindcompdbx;FMXTee;TeeUI;bindcompvcl;vclie;FireDACADSDriver;vcltouch;VclSmp;FireDACMSSQLDriver;FireDAC;VCLRESTComponents;Intraweb;DBXInformixDriver;DataSnapConnectors;FireDACDataSnapDriver;dsnapcon;DBXFirebirdDriver;inet;fmxobj;FireDACMySQLDriver;vclx;DBXSybaseASADriver;FireDACOracleDriver;fmxdae;RESTComponents;FireDACMSAccDriver;DataSnapIndy10ServerTransport;dbexpress;IndyIPClient;$(DCC_UsePackage)</DCC_UsePackage>
    </PropertyGroup>
    <PropertyGroup Condition="'$(Cfg_1)'!=''">
        <DCC_DebugInformation>2</DCC_DebugInformation>
        <DCC_Define>DEBUG;$(DCC_Define)</DCC_Define>
        <DCC_DebugDCUs>true</DCC_DebugDCUs>
        <DCC_Optimize>false</DCC_Optimize>
        <DCC_GenerateStackFrames>true</DCC_GenerateStackFrames>
        <DCC_DebugInfoInExe>true</DCC_DebugInfoInExe>
        <DCC_RemoteDebug>true</DCC_RemoteDebug>
    </PropertyGroup>
    <PropertyGroup Condition="'$(Cfg_1_Win32)'!=''">
        <Icon_MainIcon>SICElaticinio_Icon2.ico</Icon_MainIcon>
        <VerInfo_Locale>1033</VerInfo_Locale>
        <VerInfo_IncludeVerInfo>true</VerInfo_IncludeVerInfo>
        <DCC_RemoteDebug>false</DCC_RemoteDebug>
    </PropertyGroup>
    <PropertyGroup Condition="'$(Cfg_2)'!=''">
        <DCC_LocalDebugSymbols>false</DCC_LocalDebugSymbols>
        <DCC_Define>RELEASE;$(DCC_Define)</DCC_Define>
        <DCC_SymbolReferenceInfo>0</DCC_SymbolReferenceInfo>
        <DCC_DebugInformation>0</DCC_DebugInformation>
    </PropertyGroup>
    <PropertyGroup Condition="'$(Cfg_2_Win32)'!=''">
        <VerInfo_Locale>1033</VerInfo_Locale>
        <VerInfo_IncludeVerInfo>true</VerInfo_IncludeVerInfo>
        <Icon_MainIcon>SICElaticinio_Icon3.ico</Icon_MainIcon>
    </PropertyGroup>
    <ItemGroup>
        <DelphiCompile Include="$(MainSource)">
            <MainSource>MainSource</MainSource>
        </DelphiCompile>
        <DCCReference Include="main.pas">
            <Form>_main</Form>
            <FormType>dfm</FormType>
        </DCCReference>
        <DCCReference Include="dm.pas">
            <Form>_dm</Form>
            <FormType>dfm</FormType>
            <DesignClass>TDataModule</DesignClass>
        </DCCReference>
        <DCCReference Include="frmFornecedores.pas">
            <Form>_frmFornecedores</Form>
            <FormType>dfm</FormType>
        </DCCReference>
        <DCCReference Include="frmProdutos.pas">
            <Form>_frmProdutos</Form>
            <FormType>dfm</FormType>
        </DCCReference>
        <DCCReference Include="frmVeiculos.pas">
            <Form>_frmVeiculos</Form>
            <FormType>dfm</FormType>
        </DCCReference>
        <DCCReference Include="frmColetores.pas">
            <Form>_frmColetores</Form>
            <FormType>dfm</FormType>
        </DCCReference>
        <DCCReference Include="frmColeta.pas">
            <Form>_frmColeta</Form>
            <FormType>dfm</FormType>
        </DCCReference>
        <DCCReference Include="frmRelColeta.pas">
            <Form>_frmRelColeta</Form>
            <FormType>dfm</FormType>
        </DCCReference>
        <DCCReference Include="frmAnaliseColeta.pas">
            <Form>_frmAnaliseColeta</Form>
            <FormType>dfm</FormType>
        </DCCReference>
        <DCCReference Include="frmDefinirDadosAnalise.pas">
            <Form>_frmDefinirDadosAnalise</Form>
            <FormType>dfm</FormType>
        </DCCReference>
        <DCCReference Include="frmLogin.pas">
            <Form>_frmLogin</Form>
            <FormType>dfm</FormType>
        </DCCReference>
        <DCCReference Include="frmPreencherPadrao.pas">
            <Form>_frmPreencherPadrao</Form>
            <FormType>dfm</FormType>
        </DCCReference>
        <DCCReference Include="frmTipoLeite.pas">
            <Form>_frmTipoLeite</Form>
            <FormType>dfm</FormType>
        </DCCReference>
        <DCCReference Include="frmConferenciaQtd.pas">
            <Form>_frmConferenciaQtd</Form>
            <FormType>dfm</FormType>
        </DCCReference>
        <DCCReference Include="frmSilos.pas">
            <Form>_frmSilos</Form>
            <FormType>dfm</FormType>
        </DCCReference>
        <DCCReference Include="frmDestinarReservatorio.pas">
            <Form>_frmDestinarReservatorio</Form>
            <FormType>dfm</FormType>
        </DCCReference>
        <DCCReference Include="frmConfigLaticinio.pas">
            <Form>_frmConfigLaticinio</Form>
            <FormType>dfm</FormType>
        </DCCReference>
        <DCCReference Include="frmProducaoLaticinio.pas">
            <Form>_frmProducaoLaticinio</Form>
            <FormType>dfm</FormType>
        </DCCReference>
        <DCCReference Include="dm2.pas">
            <Form>_dm2</Form>
            <FormType>dfm</FormType>
            <DesignClass>TDataModule</DesignClass>
        </DCCReference>
        <DCCReference Include="frmComposicao.pas">
            <Form>_frmComposicao</Form>
            <FormType>dfm</FormType>
        </DCCReference>
        <DCCReference Include="frmProdPreProducao.pas">
            <Form>_frmProdPreProducao</Form>
            <FormType>dfm</FormType>
        </DCCReference>
        <DCCReference Include="frmProdEmbalagens.pas">
            <Form>_frmProdEmbalagens</Form>
            <FormType>dfm</FormType>
        </DCCReference>
        <DCCReference Include="frmProducaoDiaria.pas">
            <Form>_frmProducaoDiaria</Form>
            <FormType>dfm</FormType>
        </DCCReference>
        <DCCReference Include="frmSplash.pas">
            <Form>_frmSplash</Form>
            <FormType>dfm</FormType>
        </DCCReference>
        <DCCReference Include="frmLogon.pas">
            <Form>_frmLogon</Form>
            <FormType>dfm</FormType>
        </DCCReference>
        <DCCReference Include="frmSobre.pas">
            <Form>_frmSobre</Form>
            <FormType>dfm</FormType>
        </DCCReference>
        <DCCReference Include="frmEmbAdicionais.pas">
            <Form>_frmEmbAdicionais</Form>
            <FormType>dfm</FormType>
        </DCCReference>
        <DCCReference Include="frmInsumosdeproducao.pas">
            <Form>_frmInsumosdeproducao</Form>
            <FormType>dfm</FormType>
        </DCCReference>
        <DCCReference Include="frmRelatoriosProducao.pas">
            <Form>_frmRelatoriosProducao</Form>
            <FormType>dfm</FormType>
        </DCCReference>
        <DCCReference Include="frmBuscProdLote.pas">
            <Form>_frmBuscProdLote</Form>
            <FormType>dfm</FormType>
        </DCCReference>
        <DCCReference Include="frmRelProdDerivados.pas">
            <Form>_frmRelProdDerivados</Form>
            <FormType>dfm</FormType>
        </DCCReference>
        <DCCReference Include="frmFormacaoEmbalagem.pas">
            <Form>_frmformacaoembalagem</Form>
            <FormType>dfm</FormType>
        </DCCReference>
        <DCCReference Include="frmMovEmbalgem.pas">
            <Form>_frmMovEmbalagem</Form>
            <FormType>dfm</FormType>
        </DCCReference>
        <DCCReference Include="frmRelConsumo.pas">
            <Form>_frmRelConsumo</Form>
            <FormType>dfm</FormType>
        </DCCReference>
        <DCCReference Include="frmRelVendas.pas">
            <Form>_frmRelVendas</Form>
            <FormType>dfm</FormType>
        </DCCReference>
        <DCCReference Include="frmRelAnalises.pas">
            <Form>_frmRelAnalises</Form>
            <FormType>dfm</FormType>
        </DCCReference>
        <DCCReference Include="frmRelConsumoEmb.pas">
            <Form>_frmRelConsumoEmb</Form>
            <FormType>dfm</FormType>
        </DCCReference>
        <DCCReference Include="frmDesnate.pas">
            <Form>_frmDesnate</Form>
            <FormType>dfm</FormType>
        </DCCReference>
        <BuildConfiguration Include="Release">
            <Key>Cfg_2</Key>
            <CfgParent>Base</CfgParent>
        </BuildConfiguration>
        <BuildConfiguration Include="Base">
            <Key>Base</Key>
        </BuildConfiguration>
        <BuildConfiguration Include="Debug">
            <Key>Cfg_1</Key>
            <CfgParent>Base</CfgParent>
        </BuildConfiguration>
    </ItemGroup>
    <ProjectExtensions>
        <Borland.Personality>Delphi.Personality.12</Borland.Personality>
        <Borland.ProjectType/>
        <BorlandProject>
            <Delphi.Personality>
                <VersionInfo>
                    <VersionInfo Name="IncludeVerInfo">False</VersionInfo>
                    <VersionInfo Name="AutoIncBuild">False</VersionInfo>
                    <VersionInfo Name="MajorVer">1</VersionInfo>
                    <VersionInfo Name="MinorVer">0</VersionInfo>
                    <VersionInfo Name="Release">0</VersionInfo>
                    <VersionInfo Name="Build">0</VersionInfo>
                    <VersionInfo Name="Debug">False</VersionInfo>
                    <VersionInfo Name="PreRelease">False</VersionInfo>
                    <VersionInfo Name="Special">False</VersionInfo>
                    <VersionInfo Name="Private">False</VersionInfo>
                    <VersionInfo Name="DLL">False</VersionInfo>
                    <VersionInfo Name="Locale">1046</VersionInfo>
                    <VersionInfo Name="CodePage">1252</VersionInfo>
                </VersionInfo>
                <VersionInfoKeys>
                    <VersionInfoKeys Name="CompanyName"/>
                    <VersionInfoKeys Name="FileDescription"/>
                    <VersionInfoKeys Name="FileVersion">1.0.0.0</VersionInfoKeys>
                    <VersionInfoKeys Name="InternalName"/>
                    <VersionInfoKeys Name="LegalCopyright"/>
                    <VersionInfoKeys Name="LegalTrademarks"/>
                    <VersionInfoKeys Name="OriginalFilename"/>
                    <VersionInfoKeys Name="ProductName"/>
                    <VersionInfoKeys Name="ProductVersion">1.0.0.0</VersionInfoKeys>
                    <VersionInfoKeys Name="Comments"/>
                    <VersionInfoKeys Name="CFBundleName"/>
                    <VersionInfoKeys Name="CFBundleDisplayName"/>
                    <VersionInfoKeys Name="UIDeviceFamily"/>
                    <VersionInfoKeys Name="CFBundleIdentifier"/>
                    <VersionInfoKeys Name="CFBundleVersion"/>
                    <VersionInfoKeys Name="CFBundlePackageType"/>
                    <VersionInfoKeys Name="CFBundleSignature"/>
                    <VersionInfoKeys Name="CFBundleAllowMixedLocalizations"/>
                    <VersionInfoKeys Name="UISupportedInterfaceOrientations"/>
                    <VersionInfoKeys Name="CFBundleExecutable"/>
                    <VersionInfoKeys Name="CFBundleResourceSpecification"/>
                    <VersionInfoKeys Name="LSRequiresIPhoneOS"/>
                    <VersionInfoKeys Name="CFBundleInfoDictionaryVersion"/>
                    <VersionInfoKeys Name="CFBundleDevelopmentRegion"/>
                    <VersionInfoKeys Name="package"/>
                    <VersionInfoKeys Name="label"/>
                    <VersionInfoKeys Name="versionCode"/>
                    <VersionInfoKeys Name="versionName"/>
                    <VersionInfoKeys Name="persistent"/>
                    <VersionInfoKeys Name="restoreAnyVersion"/>
                    <VersionInfoKeys Name="installLocation"/>
                    <VersionInfoKeys Name="largeHeap"/>
                    <VersionInfoKeys Name="theme"/>
                </VersionInfoKeys>
                <Source>
                    <Source Name="MainSource">SICElaticinio.dpr</Source>
                </Source>
                <Excluded_Packages>
                    <Excluded_Packages Name="$(BDSBIN)\dcloffice2k190.bpl">Microsoft Office 2000 Sample Automation Server Wrapper Components</Excluded_Packages>
                    <Excluded_Packages Name="$(BDSBIN)\dclofficexp190.bpl">Microsoft Office XP Sample Automation Server Wrapper Components</Excluded_Packages>
                </Excluded_Packages>
            </Delphi.Personality>
            <Deployment/>
            <Platforms>
                <Platform value="Win32">True</Platform>
                <Platform value="Win64">False</Platform>
            </Platforms>
            <ModelSupport>False</ModelSupport>
        </BorlandProject>
        <ProjectFileVersion>12</ProjectFileVersion>
    </ProjectExtensions>
    <Import Project="$(BDS)\Bin\CodeGear.Delphi.Targets" Condition="Exists('$(BDS)\Bin\CodeGear.Delphi.Targets')"/>
    <Import Project="$(APPDATA)\Embarcadero\$(BDSAPPDATABASEDIR)\$(PRODUCTVERSION)\UserTools.proj" Condition="Exists('$(APPDATA)\Embarcadero\$(BDSAPPDATABASEDIR)\$(PRODUCTVERSION)\UserTools.proj')"/>
</Project>
